// !$*UTF8*$!
{
	archiveVersion = 1;
	classes = {
	};
	objectVersion = 48;
	objects = {

/* Begin PBXBuildFile section */
		2988CC151FD0D10300DEA2A0 /* AppDelegate.swift in Sources */ = {isa = PBXBuildFile; fileRef = 2988CC141FD0D10300DEA2A0 /* AppDelegate.swift */; };
		2988CC171FD0D10300DEA2A0 /* ViewController.swift in Sources */ = {isa = PBXBuildFile; fileRef = 2988CC161FD0D10300DEA2A0 /* ViewController.swift */; };
		2988CC1A1FD0D10300DEA2A0 /* Main.storyboard in Resources */ = {isa = PBXBuildFile; fileRef = 2988CC181FD0D10300DEA2A0 /* Main.storyboard */; };
		2988CC1C1FD0D10300DEA2A0 /* Assets.xcassets in Resources */ = {isa = PBXBuildFile; fileRef = 2988CC1B1FD0D10300DEA2A0 /* Assets.xcassets */; };
		2988CC1F1FD0D10300DEA2A0 /* LaunchScreen.storyboard in Resources */ = {isa = PBXBuildFile; fileRef = 2988CC1D1FD0D10300DEA2A0 /* LaunchScreen.storyboard */; };
/* End PBXBuildFile section */

/* Begin PBXFileReference section */
		2988CC111FD0D10300DEA2A0 /* LassoSelectionAlgorithm.app */ = {isa = PBXFileReference; explicitFileType = wrapper.application; includeInIndex = 0; path = LassoSelectionAlgorithm.app; sourceTree = BUILT_PRODUCTS_DIR; };
		2988CC141FD0D10300DEA2A0 /* AppDelegate.swift */ = {isa = PBXFileReference; lastKnownFileType = sourcecode.swift; path = AppDelegate.swift; sourceTree = "<group>"; };
		2988CC161FD0D10300DEA2A0 /* ViewController.swift */ = {isa = PBXFileReference; lastKnownFileType = sourcecode.swift; path = ViewController.swift; sourceTree = "<group>"; };
		2988CC191FD0D10300DEA2A0 /* Base */ = {isa = PBXFileReference; lastKnownFileType = file.storyboard; name = Base; path = Base.lproj/Main.storyboard; sourceTree = "<group>"; };
		2988CC1B1FD0D10300DEA2A0 /* Assets.xcassets */ = {isa = PBXFileReference; lastKnownFileType = folder.assetcatalog; path = Assets.xcassets; sourceTree = "<group>"; };
		2988CC1E1FD0D10300DEA2A0 /* Base */ = {isa = PBXFileReference; lastKnownFileType = file.storyboard; name = Base; path = Base.lproj/LaunchScreen.storyboard; sourceTree = "<group>"; };
		2988CC201FD0D10300DEA2A0 /* Info.plist */ = {isa = PBXFileReference; lastKnownFileType = text.plist.xml; path = Info.plist; sourceTree = "<group>"; };
/* End PBXFileReference section */

/* Begin PBXFrameworksBuildPhase section */
		2988CC0E1FD0D10300DEA2A0 /* Frameworks */ = {
			isa = PBXFrameworksBuildPhase;
			buildActionMask = 2147483647;
			files = (
			);
			runOnlyForDeploymentPostprocessing = 0;
		};
/* End PBXFrameworksBuildPhase section */

/* Begin PBXGroup section */
		2988CC081FD0D10300DEA2A0 = {
			isa = PBXGroup;
			children = (
				2988CC131FD0D10300DEA2A0 /* LassoSelectionAlgorithm */,
				2988CC121FD0D10300DEA2A0 /* Products */,
			);
			sourceTree = "<group>";
		};
		2988CC121FD0D10300DEA2A0 /* Products */ = {
			isa = PBXGroup;
			children = (
				2988CC111FD0D10300DEA2A0 /* LassoSelectionAlgorithm.app */,
			);
			name = Products;
			sourceTree = "<group>";
		};
		2988CC131FD0D10300DEA2A0 /* LassoSelectionAlgorithm */ = {
			isa = PBXGroup;
			children = (
				2988CC141FD0D10300DEA2A0 /* AppDelegate.swift */,
				2988CC161FD0D10300DEA2A0 /* ViewController.swift */,
				2988CC181FD0D10300DEA2A0 /* Main.storyboard */,
				2988CC1B1FD0D10300DEA2A0 /* Assets.xcassets */,
				2988CC1D1FD0D10300DEA2A0 /* LaunchScreen.storyboard */,
				2988CC201FD0D10300DEA2A0 /* Info.plist */,
			);
			path = LassoSelectionAlgorithm;
			sourceTree = "<group>";
		};
/* End PBXGroup section */

/* Begin PBXNativeTarget section */
		2988CC101FD0D10300DEA2A0 /* LassoSelectionAlgorithm */ = {
			isa = PBXNativeTarget;
			buildConfigurationList = 2988CC231FD0D10300DEA2A0 /* Build configuration list for PBXNativeTarget "LassoSelectionAlgorithm" */;
			buildPhases = (
				2988CC0D1FD0D10300DEA2A0 /* Sources */,
				2988CC0E1FD0D10300DEA2A0 /* Frameworks */,
				2988CC0F1FD0D10300DEA2A0 /* Resources */,
			);
			buildRules = (
			);
			dependencies = (
			);
			name = LassoSelectionAlgorithm;
			productName = LassoSelectionAlgorithm;
			productReference = 2988CC111FD0D10300DEA2A0 /* LassoSelectionAlgorithm.app */;
			productType = "com.apple.product-type.application";
		};
/* End PBXNativeTarget section */

/* Begin PBXProject section */
		2988CC091FD0D10300DEA2A0 /* Project object */ = {
			isa = PBXProject;
			attributes = {
				LastSwiftUpdateCheck = 0910;
				LastUpgradeCheck = 0910;
				ORGANIZATIONNAME = "Alexander Bollbach";
				TargetAttributes = {
					2988CC101FD0D10300DEA2A0 = {
						CreatedOnToolsVersion = 9.1;
						ProvisioningStyle = Automatic;
					};
				};
			};
			buildConfigurationList = 2988CC0C1FD0D10300DEA2A0 /* Build configuration list for PBXProject "LassoSelectionAlgorithm" */;
			compatibilityVersion = "Xcode 8.0";
			developmentRegion = en;
			hasScannedForEncodings = 0;
			knownRegions = (
				en,
				Base,
			);
			mainGroup = 2988CC081FD0D10300DEA2A0;
			productRefGroup = 2988CC121FD0D10300DEA2A0 /* Products */;
			projectDirPath = "";
			projectRoot = "";
			targets = (
				2988CC101FD0D10300DEA2A0 /* LassoSelectionAlgorithm */,
			);
		};
/* End PBXProject section */

/* Begin PBXResourcesBuildPhase section */
		2988CC0F1FD0D10300DEA2A0 /* Resources */ = {
			isa = PBXResourcesBuildPhase;
			buildActionMask = 2147483647;
			files = (
				2988CC1F1FD0D10300DEA2A0 /* LaunchScreen.storyboard in Resources */,
				2988CC1C1FD0D10300DEA2A0 /* Assets.xcassets in Resources */,
				2988CC1A1FD0D10300DEA2A0 /* Main.storyboard in Resources */,
			);
			runOnlyForDeploymentPostprocessing = 0;
		};
/* End PBXResourcesBuildPhase section */

/* Begin PBXSourcesBuildPhase section */
		2988CC0D1FD0D10300DEA2A0 /* Sources */ = {
			isa = PBXSourcesBuildPhase;
			buildActionMask = 2147483647;
			files = (
				2988CC171FD0D10300DEA2A0 /* ViewController.swift in Sources */,
				2988CC151FD0D10300DEA2A0 /* AppDelegate.swift in Sources */,
			);
			runOnlyForDeploymentPostprocessing = 0;
		};
/* End PBXSourcesBuildPhase section */

/* Begin PBXVariantGroup section */
		2988CC181FD0D10300DEA2A0 /* Main.storyboard */ = {
			isa = PBXVariantGroup;
			children = (
				2988CC191FD0D10300DEA2A0 /* Base */,
			);
			name = Main.storyboard;
			sourceTree = "<group>";
		};
		2988CC1D1FD0D10300DEA2A0 /* LaunchScreen.storyboard */ = {
			isa = PBXVariantGroup;
			children = (
				2988CC1E1FD0D10300DEA2A0 /* Base */,
			);
			name = LaunchScreen.storyboard;
			sourceTree = "<group>";
		};
/* End PBXVariantGroup section */

/* Begin XCBuildConfiguration section */
		2988CC211FD0D10300DEA2A0 /* Debug */ = {
			isa = XCBuildConfiguration;
			buildSettings = {
				ALWAYS_SEARCH_USER_PATHS = NO;
				CLANG_ANALYZER_NONNULL = YES;
				CLANG_ANALYZER_NUMBER_OBJECT_CONVERSION = YES_AGGRESSIVE;
				CLANG_CXX_LANGUAGE_STANDARD = "gnu++14";
				CLANG_CXX_LIBRARY = "libc++";
				CLANG_ENABLE_MODULES = YES;
				CLANG_ENABLE_OBJC_ARC = YES;
				CLANG_WARN_BLOCK_CAPTURE_AUTORELEASING = YES;
				CLANG_WARN_BOOL_CONVERSION = YES;
				CLANG_WARN_COMMA = YES;
				CLANG_WARN_CONSTANT_CONVERSION = YES;
				CLANG_WARN_DIRECT_OBJC_ISA_USAGE = YES_ERROR;
				CLANG_WARN_DOCUMENTATION_COMMENTS = YES;
				CLANG_WARN_EMPTY_BODY = YES;
				CLANG_WARN_ENUM_CONVERSION = YES;
				CLANG_WARN_INFINITE_RECURSION = YES;
				CLANG_WARN_INT_CONVERSION = YES;
				CLANG_WARN_NON_LITERAL_NULL_CONVERSION = YES;
				CLANG_WARN_OBJC_LITERAL_CONVERSION = YES;
				CLANG_WARN_OBJC_ROOT_CLASS = YES_ERROR;
				CLANG_WARN_RANGE_LOOP_ANALYSIS = YES;
				CLANG_WARN_STRICT_PROTOTYPES = YES;
				CLANG_WARN_SUSPICIOUS_MOVE = YES;
				CLANG_WARN_UNGUARDED_AVAILABILITY = YES_AGGRESSIVE;
				CLANG_WARN_UNREACHABLE_CODE = YES;
				CLANG_WARN__DUPLICATE_METHOD_MATCH = YES;
				CODE_SIGN_IDENTITY = "iPhone Developer";
				COPY_PHASE_STRIP = NO;
				DEBUG_INFORMATION_FORMAT = dwarf;
				ENABLE_STRICT_OBJC_MSGSEND = YES;
				ENABLE_TESTABILITY = YES;
				GCC_C_LANGUAGE_STANDARD = gnu11;
				GCC_DYNAMIC_NO_PIC = NO;
				GCC_NO_COMMON_BLOCKS = YES;
				GCC_OPTIMIZATION_LEVEL = 0;
				GCC_PREPROCESSOR_DEFINITIONS = (
					"DEBUG=1",
					"$(inherited)",
				);
				GCC_WARN_64_TO_32_BIT_CONVERSION = YES;
				GCC_WARN_ABOUT_RETURN_TYPE = YES_ERROR;
				GCC_WARN_UNDECLARED_SELECTOR = YES;
				GCC_WARN_UNINITIALIZED_AUTOS = YES_AGGRESSIVE;
				GCC_WARN_UNUSED_FUNCTION = YES;
				GCC_WARN_UNUSED_VARIABLE = YES;
				IPHONEOS_DEPLOYMENT_TARGET = 11.1;
				MTL_ENABLE_DEBUG_INFO = YES;
				ONLY_ACTIVE_ARCH = YES;
				SDKROOT = iphoneos;
				SWIFT_ACTIVE_COMPILATION_CONDITIONS = DEBUG;
				SWIFT_OPTIMIZATION_LEVEL = "-Onone";
			};
			name = Debug;
		};
		2988CC221FD0D10300DEA2A0 /* Release */ = {
			isa = XCBuildConfiguration;
			buildSettings = {
				ALWAYS_SEARCH_USER_PATHS = NO;
				CLANG_ANALYZER_NONNULL = YES;
				CLANG_ANALYZER_NUMBER_OBJECT_CONVERSION = YES_AGGRESSIVE;
				CLANG_CXX_LANGUAGE_STANDARD = "gnu++14";
				CLANG_CXX_LIBRARY = "libc++";
				CLANG_ENABLE_MODULES = YES;
				CLANG_ENABLE_OBJC_ARC = YES;
				CLANG_WARN_BLOCK_CAPTURE_AUTORELEASING = YES;
				CLANG_WARN_BOOL_CONVERSION = YES;
				CLANG_WARN_COMMA = YES;
				CLANG_WARN_CONSTANT_CONVERSION = YES;
				CLANG_WARN_DIRECT_OBJC_ISA_USAGE = YES_ERROR;
				CLANG_WARN_DOCUMENTATION_COMMENTS = YES;
				CLANG_WARN_EMPTY_BODY = YES;
				CLANG_WARN_ENUM_CONVERSION = YES;
				CLANG_WARN_INFINITE_RECURSION = YES;
				CLANG_WARN_INT_CONVERSION = YES;
				CLANG_WARN_NON_LITERAL_NULL_CONVERSION = YES;
				CLANG_WARN_OBJC_LITERAL_CONVERSION = YES;
				CLANG_WARN_OBJC_ROOT_CLASS = YES_ERROR;
				CLANG_WARN_RANGE_LOOP_ANALYSIS = YES;
				CLANG_WARN_STRICT_PROTOTYPES = YES;
				CLANG_WARN_SUSPICIOUS_MOVE = YES;
				CLANG_WARN_UNGUARDED_AVAILABILITY = YES_AGGRESSIVE;
				CLANG_WARN_UNREACHABLE_CODE = YES;
				CLANG_WARN__DUPLICATE_METHOD_MATCH = YES;
				CODE_SIGN_IDENTITY = "iPhone Developer";
				COPY_PHASE_STRIP = NO;
				DEBUG_INFORMATION_FORMAT = "dwarf-with-dsym";
				ENABLE_NS_ASSERTIONS = NO;
				ENABLE_STRICT_OBJC_MSGSEND = YES;
				GCC_C_LANGUAGE_STANDARD = gnu11;
				GCC_NO_COMMON_BLOCKS = YES;
				GCC_WARN_64_TO_32_BIT_CONVERSION = YES;
				GCC_WARN_ABOUT_RETURN_TYPE = YES_ERROR;
				GCC_WARN_UNDECLARED_SELECTOR = YES;
				GCC_WARN_UNINITIALIZED_AUTOS = YES_AGGRESSIVE;
				GCC_WARN_UNUSED_FUNCTION = YES;
				GCC_WARN_UNUSED_VARIABLE = YES;
				IPHONEOS_DEPLOYMENT_TARGET = 11.1;
				MTL_ENABLE_DEBUG_INFO = NO;
				SDKROOT = iphoneos;
				SWIFT_OPTIMIZATION_LEVEL = "-Owholemodule";
				VALIDATE_PRODUCT = YES;
			};
			name = Release;
		};
		2988CC241FD0D10300DEA2A0 /* Debug */ = {
			isa = XCBuildConfiguration;
			buildSettings = {
				ASSETCATALOG_COMPILER_APPICON_NAME = AppIcon;
				"CODE_SIGN_IDENTITY[sdk=iphoneos*]" = "iPhone Developer";
				CODE_SIGN_STYLE = Automatic;
				DEVELOPMENT_TEAM = 2A7A6XU69G;
				INFOPLIST_FILE = LassoSelectionAlgorithm/Info.plist;
				IPHONEOS_DEPLOYMENT_TARGET = 11.0;
				LD_RUNPATH_SEARCH_PATHS = "$(inherited) @executable_path/Frameworks";
				PRODUCT_BUNDLE_IDENTIFIER = com.alex.LassoSelectionAlgorithm;
				PRODUCT_NAME = "$(TARGET_NAME)";
				PROVISIONING_PROFILE_SPECIFIER = "";
				SWIFT_VERSION = 4.0;
				TARGETED_DEVICE_FAMILY = "1,2";
			};
			name = Debug;
		};
		2988CC251FD0D10300DEA2A0 /* Release */ = {
			isa = XCBuildConfiguration;
			buildSettings = {
				ASSETCATALOG_COMPILER_APPICON_NAME = AppIcon;
				"CODE_SIGN_IDENTITY[sdk=iphoneos*]" = "iPhone Developer";
				CODE_SIGN_STYLE = Automatic;
				DEVELOPMENT_TEAM = 2A7A6XU69G;
				INFOPLIST_FILE = LassoSelectionAlgorithm/Info.plist;
				IPHONEOS_DEPLOYMENT_TARGET = 11.0;
				LD_RUNPATH_SEARCH_PATHS = "$(inherited) @executable_path/Frameworks";
				PRODUCT_BUNDLE_IDENTIFIER = com.alex.LassoSelectionAlgorithm;
				PRODUCT_NAME = "$(TARGET_NAME)";
				PROVISIONING_PROFILE_SPECIFIER = "";
				SWIFT_VERSION = 4.0;
				TARGETED_DEVICE_FAMILY = "1,2";
			};
			name = Release;
		};
/* End XCBuildConfiguration section */

/* Begin XCConfigurationList section */
		2988CC0C1FD0D10300DEA2A0 /* Build configuration list for PBXProject "LassoSelectionAlgorithm" */ = {
			isa = XCConfigurationList;
			buildConfigurations = (
				2988CC211FD0D10300DEA2A0 /* Debug */,
				2988CC221FD0D10300DEA2A0 /* Release */,
			);
			defaultConfigurationIsVisible = 0;
			defaultConfigurationName = Release;
		};
		2988CC231FD0D10300DEA2A0 /* Build configuration list for PBXNativeTarget "LassoSelectionAlgorithm" */ = {
			isa = XCConfigurationList;
			buildConfigurations = (
				2988CC241FD0D10300DEA2A0 /* Debug */,
				2988CC251FD0D10300DEA2A0 /* Release */,
			);
			defaultConfigurationIsVisible = 0;
			defaultConfigurationName = Release;
		};
/* End XCConfigurationList section */
	};
	rootObject = 2988CC091FD0D10300DEA2A0 /* Project object */;
}
